
Microsoft Visual Studio Solution File, Format Version 12.00
# Visual Studio Version 16
VisualStudioVersion = 16.0.31911.196
MinimumVisualStudioVersion = 10.0.40219.1
Project("{F184B08F-C81C-45F6-A57F-5ABD9991F28F}") = "DouaButoaneDe'asAvea!", "DouaButoaneDe'asAvea!\DouaButoaneDe'asAvea!.vbproj", "{1E15C42E-28E7-42BD-9F43-4884D87BD6BC}"
EndProject
Global
	GlobalSection(SolutionConfigurationPlatforms) = preSolution
		Debug|Any CPU = Debug|Any CPU
		Release|Any CPU = Release|Any CPU
	EndGlobalSection
	GlobalSection(ProjectConfigurationPlatforms) = postSolution
		{1E15C42E-28E7-42BD-9F43-4884D87BD6BC}.Debug|Any CPU.ActiveCfg = Debug|Any CPU
		{1E15C42E-28E7-42BD-9F43-4884D87BD6BC}.Debug|Any CPU.Build.0 = Debug|Any CPU
		{1E15C42E-28E7-42BD-9F43-4884D87BD6BC}.Release|Any CPU.ActiveCfg = Release|Any CPU
		{1E15C42E-28E7-42BD-9F43-4884D87BD6BC}.Release|Any CPU.Build.0 = Release|Any CPU
	EndGlobalSection
	GlobalSection(SolutionProperties) = preSolution
		HideSolutionNode = FALSE
	EndGlobalSection
	GlobalSection(ExtensibilityGlobals) = postSolution
		SolutionGuid = {D3D90EB5-C2E9-4E6A-A7AE-31BFE5BFACD1}
	EndGlobalSection
EndGlobal
